lockfileVersion: 5.3

specifiers:
  '@discordjs/collection': ^0.2.1
  '@types/node': ^16.4.13
  '@types/node-fetch': ^2.5.12
  '@types/ws': ^7.4.7
  discord-api-types: ^0.22.0
  dotenv: ^10.0.0
  node-fetch: ^2.6.1
  typescript: ^4.3.5
  ws: ^8.0.0

dependencies:
  '@discordjs/collection': 0.2.1
  discord-api-types: 0.22.0
  dotenv: 10.0.0
  node-fetch: 2.6.1
  ws: 8.0.0

devDependencies:
  '@types/node': 16.4.13
  '@types/node-fetch': 2.5.12
  '@types/ws': 7.4.7
  typescript: 4.3.5

packages:

  /@discordjs/collection/0.2.1:
    resolution: {integrity: sha512-vhxqzzM8gkomw0TYRF3tgx7SwElzUlXT/Aa41O7mOcyN6wIJfj5JmDWaO5XGKsGSsNx7F3i5oIlrucCCWV1Nog==}
    engines: {node: '>=14.0.0'}
    dev: false

  /@types/node-fetch/2.5.12:
    resolution: {integrity: sha512-MKgC4dlq4kKNa/mYrwpKfzQMB5X3ee5U6fSprkKpToBqBmX4nFZL9cW5jl6sWn+xpRJ7ypWh2yyqqr8UUCstSw==}
    dependencies:
      '@types/node': 16.4.13
      form-data: 3.0.1
    dev: true

  /@types/node/16.4.13:
    resolution: {integrity: sha512-bLL69sKtd25w7p1nvg9pigE4gtKVpGTPojBFLMkGHXuUgap2sLqQt2qUnqmVCDfzGUL0DRNZP+1prIZJbMeAXg==}
    dev: true

  /@types/ws/7.4.7:
    resolution: {integrity: sha512-JQbbmxZTZehdc2iszGKs5oC3NFnjeay7mtAWrdt7qNtAVK0g19muApzAy4bm9byz79xa2ZnO/BOBC2R8RC5Lww==}
    dependencies:
      '@types/node': 16.4.13
    dev: true

  /asynckit/0.4.0:
    resolution: {integrity: sha1-x57Zf380y48robyXkLzDZkdLS3k=}
    dev: true

  /combined-stream/1.0.8:
    resolution: {integrity: sha512-FQN4MRfuJeHf7cBbBMJFXhKSDq+2kAArBlmRBvcvFE5BB1HZKXtSFASDhdlz9zOYwxh8lDdnvmMOe/+5cdoEdg==}
    engines: {node: '>= 0.8'}
    dependencies:
      delayed-stream: 1.0.0
    dev: true

  /delayed-stream/1.0.0:
    resolution: {integrity: sha1-3zrhmayt+31ECqrgsp4icrJOxhk=}
    engines: {node: '>=0.4.0'}
    dev: true

  /discord-api-types/0.22.0:
    resolution: {integrity: sha512-l8yD/2zRbZItUQpy7ZxBJwaLX/Bs2TGaCthRppk8Sw24LOIWg12t9JEreezPoYD0SQcC2htNNo27kYEpYW/Srg==}
    engines: {node: '>=12'}
    dev: false

  /dotenv/10.0.0:
    resolution: {integrity: sha512-rlBi9d8jpv9Sf1klPjNfFAuWDjKLwTIJJ/VxtoTwIR6hnZxcEOQCZg2oIL3MWBYw5GpUDKOEnND7LXTbIpQ03Q==}
    engines: {node: '>=10'}
    dev: false

  /form-data/3.0.1:
    resolution: {integrity: sha512-RHkBKtLWUVwd7SqRIvCZMEvAMoGUp0XU+seQiZejj0COz3RI3hWP4sCv3gZWWLjJTd7rGwcsF5eKZGii0r/hbg==}
    engines: {node: '>= 6'}
    dependencies:
      asynckit: 0.4.0
      combined-stream: 1.0.8
      mime-types: 2.1.32
    dev: true

  /mime-db/1.49.0:
    resolution: {integrity: sha512-CIc8j9URtOVApSFCQIF+VBkX1RwXp/oMMOrqdyXSBXq5RWNEsRfyj1kiRnQgmNXmHxPoFIxOroKA3zcU9P+nAA==}
    engines: {node: '>= 0.6'}
    dev: true

  /mime-types/2.1.32:
    resolution: {integrity: sha512-hJGaVS4G4c9TSMYh2n6SQAGrC4RnfU+daP8G7cSCmaqNjiOoUY0VHCMS42pxnQmVF1GWwFhbHWn3RIxCqTmZ9A==}
    engines: {node: '>= 0.6'}
    dependencies:
      mime-db: 1.49.0
    dev: true

  /node-fetch/2.6.1:
    resolution: {integrity: sha512-V4aYg89jEoVRxRb2fJdAg8FHvI7cEyYdVAh94HH0UIK8oJxUfkjlDQN9RbMx+bEjP7+ggMiFRprSti032Oipxw==}
    engines: {node: 4.x || >=6.0.0}
    dev: false

  /typescript/4.3.5:
    resolution: {integrity: sha512-DqQgihaQ9cUrskJo9kIyW/+g0Vxsk8cDtZ52a3NGh0YNTfpUSArXSohyUGnvbPazEPLu398C0UxmKSOrPumUzA==}
    engines: {node: '>=4.2.0'}
    hasBin: true
    dev: true

  /ws/8.0.0:
    resolution: {integrity: sha512-6AcSIXpBlS0QvCVKk+3cWnWElLsA6SzC0lkQ43ciEglgXJXiCWK3/CGFEJ+Ybgp006CMibamAsqOlxE9s4AvYA==}
    engines: {node: '>=10.0.0'}
    peerDependencies:
      bufferutil: ^4.0.1
      utf-8-validate: ^5.0.2
    peerDependenciesMeta:
      bufferutil:
        optional: true
      utf-8-validate:
        optional: true
    dev: false
